PODS:
  - AVOSCloud (3.1.6.7)
  - AVOSCloudCrashReporting (3.1.6.7):
    - AVOSCloud
  - AVOSCloudIM (3.1.6.7):
    - AVOSCloud
  - AVOSCloudSNS (3.1.2.9):
    - AVOSCloud

DEPENDENCIES:
  - AVOSCloud
  - AVOSCloudCrashReporting
  - AVOSCloudIM
  - AVOSCloudSNS

SPEC CHECKSUMS:
  AVOSCloud: 7af6267747894eadfd14560db08ea99a51b57fc0
  AVOSCloudCrashReporting: dae5c2506d9ad2f6e2c7e2eace82a8c163159b6c
  AVOSCloudIM: 0d907059ae770b50ff0e424a4d7cb8f01171b319
  AVOSCloudSNS: 4f9f1df8663fc7bfa76b9b38578ac535d275ee8f

COCOAPODS: 0.37.2
